
Microsoft Visual Studio Solution File, Format Version 12.00
# Visual Studio 2015
Project("{FAE04EC0-301F-11D3-BF4B-00C04F79EFBC}") = "WordsBreaker.CSharp", "WordsBreaker.CSharp.csproj", "{4F80E323-5948-A3CC-DB6B-E5D77896754C}"
EndProject
Global
	GlobalSection(SolutionConfigurationPlatforms) = preSolution
		Debug|Any CPU = Debug|Any CPU
		Release|Any CPU = Release|Any CPU
	EndGlobalSection
	GlobalSection(ProjectConfigurationPlatforms) = postSolution
		{4F80E323-5948-A3CC-DB6B-E5D77896754C}.Debug|Any CPU.ActiveCfg = Debug|Any CPU
		{4F80E323-5948-A3CC-DB6B-E5D77896754C}.Debug|Any CPU.Build.0 = Debug|Any CPU
		{4F80E323-5948-A3CC-DB6B-E5D77896754C}.Release|Any CPU.ActiveCfg = Release|Any CPU
		{4F80E323-5948-A3CC-DB6B-E5D77896754C}.Release|Any CPU.Build.0 = Release|Any CPU
	EndGlobalSection
	GlobalSection(SolutionProperties) = preSolution
		HideSolutionNode = FALSE
	EndGlobalSection
EndGlobal
